
Microsoft Visual Studio Solution File, Format Version 12.00
# Visual Studio Version 17
VisualStudioVersion = 17.11.35303.130
MinimumVisualStudioVersion = 10.0.40219.1
Project("{2150E333-8FDC-42A3-9474-1A3956D46DE8}") = "src", "src", "{94AAF900-AD16-4561-BB93-DBC78033304E}"
EndProject
Project("{2150E333-8FDC-42A3-9474-1A3956D46DE8}") = "sample", "sample", "{84BA49F0-4533-4C2D-B6B6-7D8453FE2293}"
EndProject
Project("{9A19103F-16F7-4668-BE54-9A1E7A4F7556}") = "MockServer.Client.AppHost", "sample\MockServer.Client.AppHost\MockServer.Client.AppHost.csproj", "{0E7E42A2-2199-465E-87AC-279D806F63CF}"
EndProject
Project("{9A19103F-16F7-4668-BE54-9A1E7A4F7556}") = "MockServer.Client.ServiceDefaults", "sample\MockServer.Client.ServiceDefaults\MockServer.Client.ServiceDefaults.csproj", "{F9063A1E-8786-4C5C-B599-A11DD5DFC0C5}"
EndProject
Project("{9A19103F-16F7-4668-BE54-9A1E7A4F7556}") = "MockServer.Client.Web", "sample\MockServer.Client.Web\MockServer.Client.Web.csproj", "{7793F30B-BEAA-4650-A55A-E16D93DF6FDE}"
EndProject
Project("{9A19103F-16F7-4668-BE54-9A1E7A4F7556}") = "MockServer.Aspire.Hosting", "src\MockServer.Aspire.Hosting\MockServer.Aspire.Hosting.csproj", "{2A5E5192-FA13-4F9E-A3B1-B67A0F915713}"
EndProject
Global
	GlobalSection(SolutionConfigurationPlatforms) = preSolution
		Debug|Any CPU = Debug|Any CPU
		Release|Any CPU = Release|Any CPU
	EndGlobalSection
	GlobalSection(ProjectConfigurationPlatforms) = postSolution
		{0E7E42A2-2199-465E-87AC-279D806F63CF}.Debug|Any CPU.ActiveCfg = Debug|Any CPU
		{0E7E42A2-2199-465E-87AC-279D806F63CF}.Debug|Any CPU.Build.0 = Debug|Any CPU
		{0E7E42A2-2199-465E-87AC-279D806F63CF}.Release|Any CPU.ActiveCfg = Release|Any CPU
		{0E7E42A2-2199-465E-87AC-279D806F63CF}.Release|Any CPU.Build.0 = Release|Any CPU
		{F9063A1E-8786-4C5C-B599-A11DD5DFC0C5}.Debug|Any CPU.ActiveCfg = Debug|Any CPU
		{F9063A1E-8786-4C5C-B599-A11DD5DFC0C5}.Debug|Any CPU.Build.0 = Debug|Any CPU
		{F9063A1E-8786-4C5C-B599-A11DD5DFC0C5}.Release|Any CPU.ActiveCfg = Release|Any CPU
		{F9063A1E-8786-4C5C-B599-A11DD5DFC0C5}.Release|Any CPU.Build.0 = Release|Any CPU
		{7793F30B-BEAA-4650-A55A-E16D93DF6FDE}.Debug|Any CPU.ActiveCfg = Debug|Any CPU
		{7793F30B-BEAA-4650-A55A-E16D93DF6FDE}.Debug|Any CPU.Build.0 = Debug|Any CPU
		{7793F30B-BEAA-4650-A55A-E16D93DF6FDE}.Release|Any CPU.ActiveCfg = Release|Any CPU
		{7793F30B-BEAA-4650-A55A-E16D93DF6FDE}.Release|Any CPU.Build.0 = Release|Any CPU
		{2A5E5192-FA13-4F9E-A3B1-B67A0F915713}.Debug|Any CPU.ActiveCfg = Debug|Any CPU
		{2A5E5192-FA13-4F9E-A3B1-B67A0F915713}.Debug|Any CPU.Build.0 = Debug|Any CPU
		{2A5E5192-FA13-4F9E-A3B1-B67A0F915713}.Release|Any CPU.ActiveCfg = Release|Any CPU
		{2A5E5192-FA13-4F9E-A3B1-B67A0F915713}.Release|Any CPU.Build.0 = Release|Any CPU
	EndGlobalSection
	GlobalSection(SolutionProperties) = preSolution
		HideSolutionNode = FALSE
	EndGlobalSection
	GlobalSection(NestedProjects) = preSolution
		{0E7E42A2-2199-465E-87AC-279D806F63CF} = {84BA49F0-4533-4C2D-B6B6-7D8453FE2293}
		{F9063A1E-8786-4C5C-B599-A11DD5DFC0C5} = {84BA49F0-4533-4C2D-B6B6-7D8453FE2293}
		{7793F30B-BEAA-4650-A55A-E16D93DF6FDE} = {84BA49F0-4533-4C2D-B6B6-7D8453FE2293}
		{2A5E5192-FA13-4F9E-A3B1-B67A0F915713} = {94AAF900-AD16-4561-BB93-DBC78033304E}
	EndGlobalSection
	GlobalSection(ExtensibilityGlobals) = postSolution
		SolutionGuid = {9A2F798B-3BBF-4DDE-AB9B-7EAC658EAA81}
	EndGlobalSection
EndGlobal
